<?xml version="1.0" encoding="UTF-8" standalone="yes" ?>
<CodeBlocks_project_file>
	<FileVersion major="1" minor="6" />
	<Project>
		<Option title="tpfinal" />
		<Option pch_mode="2" />
		<Option compiler="gcc" />
		<Build>
			<Target title="Debug">
				<Option output="bin/Debug/tpfinal" prefix_auto="1" extension_auto="1" />
				<Option object_output="obj/Debug/" />
				<Option type="1" />
				<Option compiler="gcc" />
				<Compiler>
					<Add option="-g" />
				</Compiler>
			</Target>
			<Target title="Release">
				<Option output="bin/Release/tpfinal" prefix_auto="1" extension_auto="1" />
				<Option object_output="obj/Release/" />
				<Option type="1" />
				<Option compiler="gcc" />
				<Compiler>
					<Add option="-O2" />
				</Compiler>
				<Linker>
					<Add option="-s" />
				</Linker>
			</Target>
		</Build>
		<Compiler>
			<Add option="-Wall" />
		</Compiler>
		<Unit filename="estructuras/comentario.c">
			<Option compilerVar="CC" />
		</Unit>
		<Unit filename="estructuras/comentario.h" />
		<Unit filename="estructuras/controlador.c">
			<Option compilerVar="CC" />
		</Unit>
		<Unit filename="estructuras/controlador.h" />
		<Unit filename="estructuras/domicilio.c">
			<Option compilerVar="CC" />
		</Unit>
		<Unit filename="estructuras/domicilio.h" />
		<Unit filename="estructuras/fecha.c">
			<Option compilerVar="CC" />
		</Unit>
		<Unit filename="estructuras/fecha.h" />
		<Unit filename="estructuras/interfaz.c">
			<Option compilerVar="CC" />
		</Unit>
		<Unit filename="estructuras/interfaz.h" />
		<Unit filename="estructuras/memoria.c">
			<Option compilerVar="CC" />
		</Unit>
		<Unit filename="estructuras/memoria.h" />
		<Unit filename="estructuras/menu.c">
			<Option compilerVar="CC" />
		</Unit>
		<Unit filename="estructuras/menu.h" />
		<Unit filename="estructuras/pelicula.c">
			<Option compilerVar="CC" />
		</Unit>
		<Unit filename="estructuras/pelicula.h" />
		<Unit filename="estructuras/usuario.c">
			<Option compilerVar="CC" />
		</Unit>
		<Unit filename="estructuras/usuario.h" />
		<Unit filename="librerias/consola.c">
			<Option compilerVar="CC" />
		</Unit>
		<Unit filename="librerias/consola.h" />
		<Unit filename="librerias/entrada_usuario.c">
			<Option compilerVar="CC" />
		</Unit>
		<Unit filename="librerias/entrada_usuario.h" />
		<Unit filename="librerias/mock.c">
			<Option compilerVar="CC" />
		</Unit>
		<Unit filename="librerias/mock.h" />
		<Unit filename="librerias/submenus.h" />
		<Unit filename="librerias/subprogramas.h" />
		<Unit filename="librerias/validacion.c">
			<Option compilerVar="CC" />
		</Unit>
		<Unit filename="librerias/validacion.h" />
		<Unit filename="main.c">
			<Option compilerVar="CC" />
		</Unit>
		<Extensions>
			<lib_finder disable_auto="1" />
		</Extensions>
	</Project>
</CodeBlocks_project_file>
